// !$*UTF8*$!
{
	archiveVersion = 1;
	classes = {};
	objectVersion = 56;
	objects = {

/* Begin PBXBuildFile section */
		B10000000000000000000020 /* HoldemCoachApp.swift in Sources */ = {isa = PBXBuildFile; fileRef = A10000000000000000000020 /* HoldemCoachApp.swift */; };
		B10000000000000000000021 /* Card.swift in Sources */ = {isa = PBXBuildFile; fileRef = A10000000000000000000021 /* Card.swift */; };
		B10000000000000000000022 /* HandRank.swift in Sources */ = {isa = PBXBuildFile; fileRef = A10000000000000000000022 /* HandRank.swift */; };
		B10000000000000000000023 /* Lesson.swift in Sources */ = {isa = PBXBuildFile; fileRef = A10000000000000000000023 /* Lesson.swift */; };
		B10000000000000000000024 /* QuizEngine.swift in Sources */ = {isa = PBXBuildFile; fileRef = A10000000000000000000024 /* QuizEngine.swift */; };
		B10000000000000000000025 /* ProgressStore.swift in Sources */ = {isa = PBXBuildFile; fileRef = A10000000000000000000025 /* ProgressStore.swift */; };
		B10000000000000000000026 /* HandEvaluatorSmoke.swift in Sources */ = {isa = PBXBuildFile; fileRef = A10000000000000000000026 /* HandEvaluatorSmoke.swift */; };
		B10000000000000000000027 /* Theme.swift in Sources */ = {isa = PBXBuildFile; fileRef = A10000000000000000000027 /* Theme.swift */; };
		B10000000000000000000028 /* PlayingCardView.swift in Sources */ = {isa = PBXBuildFile; fileRef = A10000000000000000000028 /* PlayingCardView.swift */; };
		B10000000000000000000029 /* RootTabView.swift in Sources */ = {isa = PBXBuildFile; fileRef = A10000000000000000000029 /* RootTabView.swift */; };
		B1000000000000000000002A /* HomeView.swift in Sources */ = {isa = PBXBuildFile; fileRef = A1000000000000000000002A /* HomeView.swift */; };
		B1000000000000000000002B /* LearnViews.swift in Sources */ = {isa = PBXBuildFile; fileRef = A1000000000000000000002B /* LearnViews.swift */; };
		B1000000000000000000002C /* PracticeViews.swift in Sources */ = {isa = PBXBuildFile; fileRef = A1000000000000000000002C /* PracticeViews.swift */; };
		B1000000000000000000002D /* ProgressView.swift in Sources */ = {isa = PBXBuildFile; fileRef = A1000000000000000000002D /* ProgressView.swift */; };
		A10000000000000000000014 /* Assets.xcassets in Resources */ = {isa = PBXBuildFile; fileRef = A10000000000000000000013 /* Assets.xcassets */; };
/* End PBXBuildFile section */

/* Begin PBXFileReference section */
		A10000000000000000000012 /* HoldemCoach.app */ = {isa = PBXFileReference; explicitFileType = wrapper.application; includeInIndex = 0; path = HoldemCoach.app; sourceTree = BUILT_PRODUCTS_DIR; };
		A10000000000000000000013 /* Assets.xcassets */ = {isa = PBXFileReference; lastKnownFileType = folder.assetcatalog; path = Assets.xcassets; sourceTree = "<group>"; };
		A10000000000000000000020 /* HoldemCoachApp.swift */ = {isa = PBXFileReference; lastKnownFileType = sourcecode.swift; path = HoldemCoachApp.swift; sourceTree = "<group>"; };
		A10000000000000000000021 /* Card.swift */ = {isa = PBXFileReference; lastKnownFileType = sourcecode.swift; path = Card.swift; sourceTree = "<group>"; };
		A10000000000000000000022 /* HandRank.swift */ = {isa = PBXFileReference; lastKnownFileType = sourcecode.swift; path = HandRank.swift; sourceTree = "<group>"; };
		A10000000000000000000023 /* Lesson.swift */ = {isa = PBXFileReference; lastKnownFileType = sourcecode.swift; path = Lesson.swift; sourceTree = "<group>"; };
		A10000000000000000000024 /* QuizEngine.swift */ = {isa = PBXFileReference; lastKnownFileType = sourcecode.swift; path = QuizEngine.swift; sourceTree = "<group>"; };
		A10000000000000000000025 /* ProgressStore.swift */ = {isa = PBXFileReference; lastKnownFileType = sourcecode.swift; path = ProgressStore.swift; sourceTree = "<group>"; };
		A10000000000000000000026 /* HandEvaluatorSmoke.swift */ = {isa = PBXFileReference; lastKnownFileType = sourcecode.swift; path = HandEvaluatorSmoke.swift; sourceTree = "<group>"; };
		A10000000000000000000027 /* Theme.swift */ = {isa = PBXFileReference; lastKnownFileType = sourcecode.swift; path = Theme.swift; sourceTree = "<group>"; };
		A10000000000000000000028 /* PlayingCardView.swift */ = {isa = PBXFileReference; lastKnownFileType = sourcecode.swift; path = PlayingCardView.swift; sourceTree = "<group>"; };
		A10000000000000000000029 /* RootTabView.swift */ = {isa = PBXFileReference; lastKnownFileType = sourcecode.swift; path = RootTabView.swift; sourceTree = "<group>"; };
		A1000000000000000000002A /* HomeView.swift */ = {isa = PBXFileReference; lastKnownFileType = sourcecode.swift; path = HomeView.swift; sourceTree = "<group>"; };
		A1000000000000000000002B /* LearnViews.swift */ = {isa = PBXFileReference; lastKnownFileType = sourcecode.swift; path = LearnViews.swift; sourceTree = "<group>"; };
		A1000000000000000000002C /* PracticeViews.swift */ = {isa = PBXFileReference; lastKnownFileType = sourcecode.swift; path = PracticeViews.swift; sourceTree = "<group>"; };
		A1000000000000000000002D /* ProgressView.swift */ = {isa = PBXFileReference; lastKnownFileType = sourcecode.swift; path = ProgressView.swift; sourceTree = "<group>"; };
/* End PBXFileReference section */
